
Microsoft Visual Studio Solution File, Format Version 12.00
# Visual Studio Version 17
VisualStudioVersion = 17.11.35005.142
MinimumVisualStudioVersion = 10.0.40219.1
Project("{9A19103F-16F7-4668-BE54-9A1E7A4F7556}") = "BulkyWeb", "BulkyWeb\BulkyWeb.csproj", "{188EC64D-A834-4C6B-9C1C-522F38F2490D}"
EndProject
Project("{FAE04EC0-301F-11D3-BF4B-00C04F79EFBC}") = "Bulky.DataAccess", "Bulky.DataAccess\Bulky.DataAccess.csproj", "{610C7BD7-7FA1-4001-AA98-128FB98C7AD8}"
EndProject
Project("{FAE04EC0-301F-11D3-BF4B-00C04F79EFBC}") = "Bulky.Models", "Bulky.Models\Bulky.Models.csproj", "{67B45C52-69B9-4E08-B227-C508CC31FFB0}"
EndProject
Project("{FAE04EC0-301F-11D3-BF4B-00C04F79EFBC}") = "Bulky.Utility", "Bulky.Utility\Bulky.Utility.csproj", "{38011FA2-6F13-4B38-BEF2-C448B5BCA66F}"
EndProject
Global
	GlobalSection(SolutionConfigurationPlatforms) = preSolution
		Debug|Any CPU = Debug|Any CPU
		Release|Any CPU = Release|Any CPU
	EndGlobalSection
	GlobalSection(ProjectConfigurationPlatforms) = postSolution
		{188EC64D-A834-4C6B-9C1C-522F38F2490D}.Debug|Any CPU.ActiveCfg = Debug|Any CPU
		{188EC64D-A834-4C6B-9C1C-522F38F2490D}.Debug|Any CPU.Build.0 = Debug|Any CPU
		{188EC64D-A834-4C6B-9C1C-522F38F2490D}.Release|Any CPU.ActiveCfg = Release|Any CPU
		{188EC64D-A834-4C6B-9C1C-522F38F2490D}.Release|Any CPU.Build.0 = Release|Any CPU
		{610C7BD7-7FA1-4001-AA98-128FB98C7AD8}.Debug|Any CPU.ActiveCfg = Debug|Any CPU
		{610C7BD7-7FA1-4001-AA98-128FB98C7AD8}.Debug|Any CPU.Build.0 = Debug|Any CPU
		{610C7BD7-7FA1-4001-AA98-128FB98C7AD8}.Release|Any CPU.ActiveCfg = Release|Any CPU
		{610C7BD7-7FA1-4001-AA98-128FB98C7AD8}.Release|Any CPU.Build.0 = Release|Any CPU
		{67B45C52-69B9-4E08-B227-C508CC31FFB0}.Debug|Any CPU.ActiveCfg = Debug|Any CPU
		{67B45C52-69B9-4E08-B227-C508CC31FFB0}.Debug|Any CPU.Build.0 = Debug|Any CPU
		{67B45C52-69B9-4E08-B227-C508CC31FFB0}.Release|Any CPU.ActiveCfg = Release|Any CPU
		{67B45C52-69B9-4E08-B227-C508CC31FFB0}.Release|Any CPU.Build.0 = Release|Any CPU
		{38011FA2-6F13-4B38-BEF2-C448B5BCA66F}.Debug|Any CPU.ActiveCfg = Debug|Any CPU
		{38011FA2-6F13-4B38-BEF2-C448B5BCA66F}.Debug|Any CPU.Build.0 = Debug|Any CPU
		{38011FA2-6F13-4B38-BEF2-C448B5BCA66F}.Release|Any CPU.ActiveCfg = Release|Any CPU
		{38011FA2-6F13-4B38-BEF2-C448B5BCA66F}.Release|Any CPU.Build.0 = Release|Any CPU
	EndGlobalSection
	GlobalSection(SolutionProperties) = preSolution
		HideSolutionNode = FALSE
	EndGlobalSection
	GlobalSection(ExtensibilityGlobals) = postSolution
		SolutionGuid = {0300AFE5-A8D4-416C-BF22-C3E113B740EE}
	EndGlobalSection
EndGlobal
